{
  "name": "client",
  "version": "0.0.1",
  "lockfileVersion": 2,
  "requires": true,
  "packages": {
    "": {
      "name": "client",
      "version": "0.0.1",
      "license": "MIT",
      "dependencies": {
        "@types/vscode": "^1.69.0",
        "ts-standard": "file:../node_modules/ts-standard",
        "vscode-uri": "^3.0.3"
      },
      "devDependencies": {
        "@types/glob": "^7.2.0",
        "vscode-languageclient": "^8.0.2",
        "vscode-nls": "^5.0.1"
      },
      "engines": {
        "vscode": "^1.50.0"
      }
    },
    "../node_modules/ts-standard": {
      "version": "12.0.0",
      "license": "MIT",
      "dependencies": {
        "@typescript-eslint/eslint-plugin": "^5.0.0",
        "@typescript-eslint/parser": "^5.0.0",
        "eslint": "^8.0.1",
        "eslint-config-standard-jsx": "^11.0.0",
        "eslint-config-standard-with-typescript": "^23.0.0",
        "eslint-plugin-import": "^2.25.2",
        "eslint-plugin-n": "^15.0.0",
        "eslint-plugin-promise": "^6.0.0",
        "eslint-plugin-react": "^7.28.0",
        "minimist": "^1.2.6",
        "pkg-conf": "^4.0.0",
        "standard-engine": "^15.0.0"
      },
      "bin": {
        "ts-standard": "cli.js"
      },
      "devDependencies": {
        "@commitlint/cli": "^17.0.3",
        "@commitlint/config-conventional": "^17.0.3",
        "@types/minimist": "^1.2.2",
        "@types/node": "^18.0.6",
        "standard": "^17.0.0",
        "tape": "^5.5.3"
      },
      "engines": {
        "node": "^12.22.0 || ^14.17.0 || >=16.0.0"
      },
      "peerDependencies": {
        "typescript": "*"
      }
    },
    "node_modules/@types/glob": {
      "version": "7.2.0",
      "resolved": "https://registry.npmjs.org/@types/glob/-/glob-7.2.0.tgz",
      "integrity": "sha512-ZUxbzKl0IfJILTS6t7ip5fQQM/J3TJYubDm3nMbgubNNYS62eXeUpoLUC8/7fJNiFYHTrGPQn7hspDUzIHX3UA==",
      "dev": true,
      "dependencies": {
        "@types/minimatch": "*",
        "@types/node": "*"
      }
    },
    "node_modules/@types/minimatch": {
      "version": "3.0.5",
      "resolved": "https://registry.npmjs.org/@types/minimatch/-/minimatch-3.0.5.tgz",
      "integrity": "sha512-Klz949h02Gz2uZCMGwDUSDS1YBlTdDDgbWHi+81l29tQALUtvz4rAYi5uoVhE5Lagoq6DeqAUlbrHvW/mXDgdQ==",
      "dev": true
    },
    "node_modules/@types/node": {
      "version": "18.6.1",
      "resolved": "https://registry.npmjs.org/@types/node/-/node-18.6.1.tgz",
      "integrity": "sha512-z+2vB6yDt1fNwKOeGbckpmirO+VBDuQqecXkgeIqDlaOtmKn6hPR/viQ8cxCfqLU4fTlvM3+YjM367TukWdxpg==",
      "dev": true
    },
    "node_modules/@types/vscode": {
      "version": "1.69.0",
      "resolved": "https://registry.npmjs.org/@types/vscode/-/vscode-1.69.0.tgz",
      "integrity": "sha512-RlzDAnGqUoo9wS6d4tthNyAdZLxOIddLiX3djMoWk29jFfSA1yJbIwr0epBYqqYarWB6s2Z+4VaZCQ80Jaa3kA=="
    },
    "node_modules/balanced-match": {
      "version": "1.0.2",
      "resolved": "https://registry.npmjs.org/balanced-match/-/balanced-match-1.0.2.tgz",
      "integrity": "sha512-3oSeUO0TMV67hN1AmbXsK4yaqU7tjiHlbxRDZOpH0KW9+CeX4bRAaX0Anxt0tx2MrpRpWwQaPwIlISEJhYU5Pw==",
      "dev": true
    },
    "node_modules/brace-expansion": {
      "version": "1.1.11",
      "resolved": "https://registry.npmjs.org/brace-expansion/-/brace-expansion-1.1.11.tgz",
      "integrity": "sha512-iCuPHDFgrHX7H2vEI/5xpz07zSHB00TpugqhmYtVmMO6518mCuRMoOYFldEBl0g187ufozdaHgWKcYFb61qGiA==",
      "dev": true,
      "dependencies": {
        "balanced-match": "^1.0.0",
        "concat-map": "0.0.1"
      }
    },
    "node_modules/concat-map": {
      "version": "0.0.1",
      "resolved": "https://registry.npmjs.org/concat-map/-/concat-map-0.0.1.tgz",
      "integrity": "sha512-/Srv4dswyQNBfohGpz9o6Yb3Gz3SrUDqBH5rTuhGR7ahtlbYKnVxw2bCFMRljaA7EXHaXZ8wsHdodFvbkhKmqg==",
      "dev": true
    },
    "node_modules/lru-cache": {
      "version": "6.0.0",
      "resolved": "https://registry.npmjs.org/lru-cache/-/lru-cache-6.0.0.tgz",
      "integrity": "sha512-Jo6dJ04CmSjuznwJSS3pUeWmd/H0ffTlkXXgwZi+eq1UCmqQwCh+eLsYOYCwY991i2Fah4h1BEMCx4qThGbsiA==",
      "dev": true,
      "dependencies": {
        "yallist": "^4.0.0"
      },
      "engines": {
        "node": ">=10"
      }
    },
    "node_modules/minimatch": {
      "version": "3.1.2",
      "resolved": "https://registry.npmjs.org/minimatch/-/minimatch-3.1.2.tgz",
      "integrity": "sha512-J7p63hRiAjw1NDEww1W7i37+ByIrOWO5XQQAzZ3VOcL0PNybwpfmV/N05zFAzwQ9USyEcX6t3UO+K5aqBQOIHw==",
      "dev": true,
      "dependencies": {
        "brace-expansion": "^1.1.7"
      },
      "engines": {
        "node": "*"
      }
    },
    "node_modules/semver": {
      "version": "7.3.7",
      "resolved": "https://registry.npmjs.org/semver/-/semver-7.3.7.tgz",
      "integrity": "sha512-QlYTucUYOews+WeEujDoEGziz4K6c47V/Bd+LjSSYcA94p+DmINdf7ncaUinThfvZyu13lN9OY1XDxt8C0Tw0g==",
      "dev": true,
      "dependencies": {
        "lru-cache": "^6.0.0"
      },
      "bin": {
        "semver": "bin/semver.js"
      },
      "engines": {
        "node": ">=10"
      }
    },
    "node_modules/ts-standard": {
      "resolved": "../node_modules/ts-standard",
      "link": true
    },
    "node_modules/vscode-jsonrpc": {
      "version": "8.0.2",
      "resolved": "https://registry.npmjs.org/vscode-jsonrpc/-/vscode-jsonrpc-8.0.2.tgz",
      "integrity": "sha512-RY7HwI/ydoC1Wwg4gJ3y6LpU9FJRZAUnTYMXthqhFXXu77ErDd/xkREpGuk4MyYkk4a+XDWAMqe0S3KkelYQEQ==",
      "dev": true,
      "engines": {
        "node": ">=14.0.0"
      }
    },
    "node_modules/vscode-languageclient": {
      "version": "8.0.2",
      "resolved": "https://registry.npmjs.org/vscode-languageclient/-/vscode-languageclient-8.0.2.tgz",
      "integrity": "sha512-lHlthJtphG9gibGb/y72CKqQUxwPsMXijJVpHEC2bvbFqxmkj9LwQ3aGU9dwjBLqsX1S4KjShYppLvg1UJDF/Q==",
      "dev": true,
      "dependencies": {
        "minimatch": "^3.0.4",
        "semver": "^7.3.5",
        "vscode-languageserver-protocol": "3.17.2"
      },
      "engines": {
        "vscode": "^1.67.0"
      }
    },
    "node_modules/vscode-languageserver-protocol": {
      "version": "3.17.2",
      "resolved": "https://registry.npmjs.org/vscode-languageserver-protocol/-/vscode-languageserver-protocol-3.17.2.tgz",
      "integrity": "sha512-8kYisQ3z/SQ2kyjlNeQxbkkTNmVFoQCqkmGrzLH6A9ecPlgTbp3wDTnUNqaUxYr4vlAcloxx8zwy7G5WdguYNg==",
      "dev": true,
      "dependencies": {
        "vscode-jsonrpc": "8.0.2",
        "vscode-languageserver-types": "3.17.2"
      }
    },
    "node_modules/vscode-languageserver-types": {
      "version": "3.17.2",
      "resolved": "https://registry.npmjs.org/vscode-languageserver-types/-/vscode-languageserver-types-3.17.2.tgz",
      "integrity": "sha512-zHhCWatviizPIq9B7Vh9uvrH6x3sK8itC84HkamnBWoDFJtzBf7SWlpLCZUit72b3os45h6RWQNC9xHRDF8dRA==",
      "dev": true
    },
    "node_modules/vscode-nls": {
      "version": "5.0.1",
      "resolved": "https://registry.npmjs.org/vscode-nls/-/vscode-nls-5.0.1.tgz",
      "integrity": "sha512-hHQV6iig+M21lTdItKPkJAaWrxALQb/nqpVffakO4knJOh3DrU2SXOMzUzNgo1eADPzu3qSsJY1weCzvR52q9A==",
      "dev": true
    },
    "node_modules/vscode-uri": {
      "version": "3.0.3",
      "resolved": "https://registry.npmjs.org/vscode-uri/-/vscode-uri-3.0.3.tgz",
      "integrity": "sha512-EcswR2S8bpR7fD0YPeS7r2xXExrScVMxg4MedACaWHEtx9ftCF/qHG1xGkolzTPcEmjTavCQgbVzHUIdTMzFGA=="
    },
    "node_modules/yallist": {
      "version": "4.0.0",
      "resolved": "https://registry.npmjs.org/yallist/-/yallist-4.0.0.tgz",
      "integrity": "sha512-3wdGidZyq5PB084XLES5TpOSRA3wjXAlIWMhum2kRcv/41Sn2emQ0dycQW4uZXLejwKvg6EsvbdlVL+FYEct7A==",
      "dev": true
    }
  },
  "dependencies": {
    "@types/glob": {
      "version": "7.2.0",
      "resolved": "https://registry.npmjs.org/@types/glob/-/glob-7.2.0.tgz",
      "integrity": "sha512-ZUxbzKl0IfJILTS6t7ip5fQQM/J3TJYubDm3nMbgubNNYS62eXeUpoLUC8/7fJNiFYHTrGPQn7hspDUzIHX3UA==",
      "dev": true,
      "requires": {
        "@types/minimatch": "*",
        "@types/node": "*"
      }
    },
    "@types/minimatch": {
      "version": "3.0.5",
      "resolved": "https://registry.npmjs.org/@types/minimatch/-/minimatch-3.0.5.tgz",
      "integrity": "sha512-Klz949h02Gz2uZCMGwDUSDS1YBlTdDDgbWHi+81l29tQALUtvz4rAYi5uoVhE5Lagoq6DeqAUlbrHvW/mXDgdQ==",
      "dev": true
    },
    "@types/node": {
      "version": "18.6.1",
      "resolved": "https://registry.npmjs.org/@types/node/-/node-18.6.1.tgz",
      "integrity": "sha512-z+2vB6yDt1fNwKOeGbckpmirO+VBDuQqecXkgeIqDlaOtmKn6hPR/viQ8cxCfqLU4fTlvM3+YjM367TukWdxpg==",
      "dev": true
    },
    "@types/vscode": {
      "version": "1.69.0",
      "resolved": "https://registry.npmjs.org/@types/vscode/-/vscode-1.69.0.tgz",
      "integrity": "sha512-RlzDAnGqUoo9wS6d4tthNyAdZLxOIddLiX3djMoWk29jFfSA1yJbIwr0epBYqqYarWB6s2Z+4VaZCQ80Jaa3kA=="
    },
    "balanced-match": {
      "version": "1.0.2",
      "resolved": "https://registry.npmjs.org/balanced-match/-/balanced-match-1.0.2.tgz",
      "integrity": "sha512-3oSeUO0TMV67hN1AmbXsK4yaqU7tjiHlbxRDZOpH0KW9+CeX4bRAaX0Anxt0tx2MrpRpWwQaPwIlISEJhYU5Pw==",
      "dev": true
    },
    "brace-expansion": {
      "version": "1.1.11",
      "resolved": "https://registry.npmjs.org/brace-expansion/-/brace-expansion-1.1.11.tgz",
      "integrity": "sha512-iCuPHDFgrHX7H2vEI/5xpz07zSHB00TpugqhmYtVmMO6518mCuRMoOYFldEBl0g187ufozdaHgWKcYFb61qGiA==",
      "dev": true,
      "requires": {
        "balanced-match": "^1.0.0",
        "concat-map": "0.0.1"
      }
    },
    "concat-map": {
      "version": "0.0.1",
      "resolved": "https://registry.npmjs.org/concat-map/-/concat-map-0.0.1.tgz",
      "integrity": "sha512-/Srv4dswyQNBfohGpz9o6Yb3Gz3SrUDqBH5rTuhGR7ahtlbYKnVxw2bCFMRljaA7EXHaXZ8wsHdodFvbkhKmqg==",
      "dev": true
    },
    "lru-cache": {
      "version": "6.0.0",
      "resolved": "https://registry.npmjs.org/lru-cache/-/lru-cache-6.0.0.tgz",
      "integrity": "sha512-Jo6dJ04CmSjuznwJSS3pUeWmd/H0ffTlkXXgwZi+eq1UCmqQwCh+eLsYOYCwY991i2Fah4h1BEMCx4qThGbsiA==",
      "dev": true,
      "requires": {
        "yallist": "^4.0.0"
      }
    },
    "minimatch": {
      "version": "3.1.2",
      "resolved": "https://registry.npmjs.org/minimatch/-/minimatch-3.1.2.tgz",
      "integrity": "sha512-J7p63hRiAjw1NDEww1W7i37+ByIrOWO5XQQAzZ3VOcL0PNybwpfmV/N05zFAzwQ9USyEcX6t3UO+K5aqBQOIHw==",
      "dev": true,
      "requires": {
        "brace-expansion": "^1.1.7"
      }
    },
    "semver": {
      "version": "7.3.7",
      "resolved": "https://registry.npmjs.org/semver/-/semver-7.3.7.tgz",
      "integrity": "sha512-QlYTucUYOews+WeEujDoEGziz4K6c47V/Bd+LjSSYcA94p+DmINdf7ncaUinThfvZyu13lN9OY1XDxt8C0Tw0g==",
      "dev": true,
      "requires": {
        "lru-cache": "^6.0.0"
      }
    },
    "ts-standard": {
      "version": "file:../node_modules/ts-standard",
      "requires": {
        "@commitlint/cli": "^17.0.3",
        "@commitlint/config-conventional": "^17.0.3",
        "@types/minimist": "^1.2.2",
        "@types/node": "^18.0.6",
        "@typescript-eslint/eslint-plugin": "^5.0.0",
        "@typescript-eslint/parser": "^5.0.0",
        "eslint": "^8.0.1",
        "eslint-config-standard-jsx": "^11.0.0",
        "eslint-config-standard-with-typescript": "^23.0.0",
        "eslint-plugin-import": "^2.25.2",
        "eslint-plugin-n": "^15.0.0",
        "eslint-plugin-promise": "^6.0.0",
        "eslint-plugin-react": "^7.28.0",
        "minimist": "^1.2.6",
        "pkg-conf": "^4.0.0",
        "standard": "^17.0.0",
        "standard-engine": "^15.0.0",
        "tape": "^5.5.3"
      }
    },
    "vscode-jsonrpc": {
      "version": "8.0.2",
      "resolved": "https://registry.npmjs.org/vscode-jsonrpc/-/vscode-jsonrpc-8.0.2.tgz",
      "integrity": "sha512-RY7HwI/ydoC1Wwg4gJ3y6LpU9FJRZAUnTYMXthqhFXXu77ErDd/xkREpGuk4MyYkk4a+XDWAMqe0S3KkelYQEQ==",
      "dev": true
    },
    "vscode-languageclient": {
      "version": "8.0.2",
      "resolved": "https://registry.npmjs.org/vscode-languageclient/-/vscode-languageclient-8.0.2.tgz",
      "integrity": "sha512-lHlthJtphG9gibGb/y72CKqQUxwPsMXijJVpHEC2bvbFqxmkj9LwQ3aGU9dwjBLqsX1S4KjShYppLvg1UJDF/Q==",
      "dev": true,
      "requires": {
        "minimatch": "^3.0.4",
        "semver": "^7.3.5",
        "vscode-languageserver-protocol": "3.17.2"
      }
    },
    "vscode-languageserver-protocol": {
      "version": "3.17.2",
      "resolved": "https://registry.npmjs.org/vscode-languageserver-protocol/-/vscode-languageserver-protocol-3.17.2.tgz",
      "integrity": "sha512-8kYisQ3z/SQ2kyjlNeQxbkkTNmVFoQCqkmGrzLH6A9ecPlgTbp3wDTnUNqaUxYr4vlAcloxx8zwy7G5WdguYNg==",
      "dev": true,
      "requires": {
        "vscode-jsonrpc": "8.0.2",
        "vscode-languageserver-types": "3.17.2"
      }
    },
    "vscode-languageserver-types": {
      "version": "3.17.2",
      "resolved": "https://registry.npmjs.org/vscode-languageserver-types/-/vscode-languageserver-types-3.17.2.tgz",
      "integrity": "sha512-zHhCWatviizPIq9B7Vh9uvrH6x3sK8itC84HkamnBWoDFJtzBf7SWlpLCZUit72b3os45h6RWQNC9xHRDF8dRA==",
      "dev": true
    },
    "vscode-nls": {
      "version": "5.0.1",
      "resolved": "https://registry.npmjs.org/vscode-nls/-/vscode-nls-5.0.1.tgz",
      "integrity": "sha512-hHQV6iig+M21lTdItKPkJAaWrxALQb/nqpVffakO4knJOh3DrU2SXOMzUzNgo1eADPzu3qSsJY1weCzvR52q9A==",
      "dev": true
    },
    "vscode-uri": {
      "version": "3.0.3",
      "resolved": "https://registry.npmjs.org/vscode-uri/-/vscode-uri-3.0.3.tgz",
      "integrity": "sha512-EcswR2S8bpR7fD0YPeS7r2xXExrScVMxg4MedACaWHEtx9ftCF/qHG1xGkolzTPcEmjTavCQgbVzHUIdTMzFGA=="
    },
    "yallist": {
      "version": "4.0.0",
      "resolved": "https://registry.npmjs.org/yallist/-/yallist-4.0.0.tgz",
      "integrity": "sha512-3wdGidZyq5PB084XLES5TpOSRA3wjXAlIWMhum2kRcv/41Sn2emQ0dycQW4uZXLejwKvg6EsvbdlVL+FYEct7A==",
      "dev": true
    }
  }
}
